
Microsoft Visual Studio Solution File, Format Version 12.00
# Visual Studio Version 16
VisualStudioVersion = 16.0.28803.202
MinimumVisualStudioVersion = 10.0.40219.1
Project("{FAE04EC0-301F-11D3-BF4B-00C04F79EFBC}") = "FormInForm", "FormInForm\FormInForm.csproj", "{7AFEDABA-2E21-42A0-AF46-6E1723A7403D}"
EndProject
Global
	GlobalSection(SolutionConfigurationPlatforms) = preSolution
		Debug|Any CPU = Debug|Any CPU
		Release|Any CPU = Release|Any CPU
	EndGlobalSection
	GlobalSection(ProjectConfigurationPlatforms) = postSolution
		{7AFEDABA-2E21-42A0-AF46-6E1723A7403D}.Debug|Any CPU.ActiveCfg = Debug|Any CPU
		{7AFEDABA-2E21-42A0-AF46-6E1723A7403D}.Debug|Any CPU.Build.0 = Debug|Any CPU
		{7AFEDABA-2E21-42A0-AF46-6E1723A7403D}.Release|Any CPU.ActiveCfg = Release|Any CPU
		{7AFEDABA-2E21-42A0-AF46-6E1723A7403D}.Release|Any CPU.Build.0 = Release|Any CPU
	EndGlobalSection
	GlobalSection(SolutionProperties) = preSolution
		HideSolutionNode = FALSE
	EndGlobalSection
	GlobalSection(ExtensibilityGlobals) = postSolution
		SolutionGuid = {5AEE2315-F049-4FC6-AE02-3B622540F22B}
	EndGlobalSection
EndGlobal
